dependencies:
- name: renovate
  repository: https://docs.renovatebot.com/helm-charts
  version: 45.15.1
- name: gluon
  repository: oci://registry1.dso.mil/bigbang
  version: 0.9.6
digest: sha256:03255bc7db402aa71ae3f4d40116c453541e269316de84cd8bcfe7d32e1f9d69
generated: "2025-11-20T07:34:10.528532724Z"
