dependencies:
- name: redis
  repository: oci://registry1.dso.mil/bigbang
  version: 18.3.2-bb.1
- name: gluon
  repository: oci://registry1.dso.mil/bigbang
  version: 0.4.5
digest: sha256:7d5e9990d853eec769dd684072a92609b3c2af894ef5dd3a4e47f7f7d6a28c6a
generated: "2023-12-19T10:37:01.292370855-07:00"
